PODS:
  - PVGTableViewProxy (0.2.1):
    - ReactiveCocoa (= 2.4.2)
  - ReactiveCocoa (2.4.2):
    - ReactiveCocoa/UI (= 2.4.2)
  - ReactiveCocoa/Core (2.4.2):
    - ReactiveCocoa/no-arc
  - ReactiveCocoa/no-arc (2.4.2)
  - ReactiveCocoa/UI (2.4.2):
    - ReactiveCocoa/Core

DEPENDENCIES:
  - PVGTableViewProxy (from `../`)

EXTERNAL SOURCES:
  PVGTableViewProxy:
    :path: "../"

SPEC CHECKSUMS:
  PVGTableViewProxy: f2cd021da863b3c1ea193541c81772bc94356506
  ReactiveCocoa: fdf629a7321cc7504936fa86243d8c616faad302

COCOAPODS: 0.38.2
