// !$*UTF8*$!
{
	archiveVersion = 1;
	classes = {
	};
	objectVersion = 46;
	objects = {

/* Begin PBXBuildFile section */
		021A6D2B1BD67739005215A7 /* TableViewProxyLoadMoreTests.m in Sources */ = {isa = PBXBuildFile; fileRef = 021A6D271BD67739005215A7 /* TableViewProxyLoadMoreTests.m */; };
		021A6D2C1BD67739005215A7 /* TableViewProxyTests.m in Sources */ = {isa = PBXBuildFile; fileRef = 021A6D281BD67739005215A7 /* TableViewProxyTests.m */; };
		021A6D2D1BD67739005215A7 /* TableViewScrollCommandTests.m in Sources */ = {isa = PBXBuildFile; fileRef = 021A6D291BD67739005215A7 /* TableViewScrollCommandTests.m */; };
		021A6D2E1BD67739005215A7 /* TableViewSectionTests.m in Sources */ = {isa = PBXBuildFile; fileRef = 021A6D2A1BD67739005215A7 /* TableViewSectionTests.m */; };
		027C13D71BE1080800C2C8F5 /* TableViewProxyRenderTests.m in Sources */ = {isa = PBXBuildFile; fileRef = 027C13D61BE1080800C2C8F5 /* TableViewProxyRenderTests.m */; };
		02B7B4361BD6CC7C0034A4E5 /* MockPVGTableViewCellViewModelDidSelect.m in Sources */ = {isa = PBXBuildFile; fileRef = 02B7B4351BD6CC7C0034A4E5 /* MockPVGTableViewCellViewModelDidSelect.m */; };
		02BA88EF1BD7F134007BEF68 /* GenericTableViewProxyAnimatorTests.m in Sources */ = {isa = PBXBuildFile; fileRef = 02BA88EE1BD7F134007BEF68 /* GenericTableViewProxyAnimatorTests.m */; };
		02E62EDE1BD69F1700BF8EC8 /* MockPVGTableViewCell.m in Sources */ = {isa = PBXBuildFile; fileRef = 02E62EDD1BD69F1700BF8EC8 /* MockPVGTableViewCell.m */; };
		FBE31FA140ABA9D95832673F /* Pods_Tests.framework in Frameworks */ = {isa = PBXBuildFile; fileRef = 95260B90A60DDE7905E4646E /* Pods_Tests.framework */; };
/* End PBXBuildFile section */

/* Begin PBXFileReference section */
		021A6D1F1BD67725005215A7 /* Tests.xctest */ = {isa = PBXFileReference; explicitFileType = wrapper.cfbundle; includeInIndex = 0; path = Tests.xctest; sourceTree = BUILT_PRODUCTS_DIR; };
		021A6D231BD67725005215A7 /* Info.plist */ = {isa = PBXFileReference; lastKnownFileType = text.plist.xml; path = Info.plist; sourceTree = "<group>"; };
		021A6D271BD67739005215A7 /* TableViewProxyLoadMoreTests.m */ = {isa = PBXFileReference; fileEncoding = 4; lastKnownFileType = sourcecode.c.objc; path = TableViewProxyLoadMoreTests.m; sourceTree = "<group>"; };
		021A6D281BD67739005215A7 /* TableViewProxyTests.m */ = {isa = PBXFileReference; fileEncoding = 4; lastKnownFileType = sourcecode.c.objc; path = TableViewProxyTests.m; sourceTree = "<group>"; };
		021A6D291BD67739005215A7 /* TableViewScrollCommandTests.m */ = {isa = PBXFileReference; fileEncoding = 4; lastKnownFileType = sourcecode.c.objc; path = TableViewScrollCommandTests.m; sourceTree = "<group>"; };
		021A6D2A1BD67739005215A7 /* TableViewSectionTests.m */ = {isa = PBXFileReference; fileEncoding = 4; lastKnownFileType = sourcecode.c.objc; path = TableViewSectionTests.m; sourceTree = "<group>"; };
		021A6D311BD67975005215A7 /* TestDependencies.h */ = {isa = PBXFileReference; lastKnownFileType = sourcecode.c.h; name = TestDependencies.h; path = "Test Utils/TestDependencies.h"; sourceTree = "<group>"; };
		027C13D61BE1080800C2C8F5 /* TableViewProxyRenderTests.m */ = {isa = PBXFileReference; fileEncoding = 4; lastKnownFileType = sourcecode.c.objc; path = TableViewProxyRenderTests.m; sourceTree = "<group>"; };
		02A833CE1D2FAD0200AE9DB6 /* PVGTableViewProxy.framework */ = {isa = PBXFileReference; lastKnownFileType = wrapper.framework; name = PVGTableViewProxy.framework; path = "/Users/alliannas/Development/QuizUp/PVGTableViewProxy/Example/Pods/../build/Debug-iphoneos/PVGTableViewProxy/PVGTableViewProxy.framework"; sourceTree = "<absolute>"; };
		02A833CF1D2FAD0200AE9DB6 /* ReactiveCocoa.framework */ = {isa = PBXFileReference; lastKnownFileType = wrapper.framework; name = ReactiveCocoa.framework; path = "/Users/alliannas/Development/QuizUp/PVGTableViewProxy/Example/Pods/../build/Debug-iphoneos/ReactiveCocoa/ReactiveCocoa.framework"; sourceTree = "<absolute>"; };
		02A833D01D2FAD0200AE9DB6 /* Result.framework */ = {isa = PBXFileReference; lastKnownFileType = wrapper.framework; name = Result.framework; path = "Pods/../build/Debug-iphoneos/Result/Result.framework"; sourceTree = "<group>"; };
		02A833D41D2FAD2000AE9DB6 /* ReactiveCocoa.framework */ = {isa = PBXFileReference; lastKnownFileType = wrapper.framework; name = ReactiveCocoa.framework; path = "Pods/../build/Debug-iphoneos/ReactiveCocoa/ReactiveCocoa.framework"; sourceTree = "<group>"; };
		02A833D61D2FAEC200AE9DB6 /* PVGTableViewProxy.framework */ = {isa = PBXFileReference; lastKnownFileType = wrapper.framework; name = PVGTableViewProxy.framework; path = "/Users/alliannas/Development/QuizUp/PVGTableViewProxy/Example/Pods/../build/Debug-iphoneos/PVGTableViewProxy/PVGTableViewProxy.framework"; sourceTree = "<absolute>"; };
		02A833D71D2FAEC200AE9DB6 /* ReactiveCocoa.framework */ = {isa = PBXFileReference; lastKnownFileType = wrapper.framework; name = ReactiveCocoa.framework; path = "/Users/alliannas/Development/QuizUp/PVGTableViewProxy/Example/Pods/../build/Debug-iphoneos/ReactiveCocoa/ReactiveCocoa.framework"; sourceTree = "<absolute>"; };
		02A833D81D2FAEC200AE9DB6 /* Result.framework */ = {isa = PBXFileReference; lastKnownFileType = wrapper.framework; name = Result.framework; path = "/Users/alliannas/Development/QuizUp/PVGTableViewProxy/Example/Pods/../build/Debug-iphoneos/Result/Result.framework"; sourceTree = "<absolute>"; };
		02B7B4341BD6CC7C0034A4E5 /* MockPVGTableViewCellViewModelDidSelect.h */ = {isa = PBXFileReference; fileEncoding = 4; lastKnownFileType = sourcecode.c.h; name = MockPVGTableViewCellViewModelDidSelect.h; path = Mocks/MockPVGTableViewCellViewModelDidSelect.h; sourceTree = "<group>"; };
		02B7B4351BD6CC7C0034A4E5 /* MockPVGTableViewCellViewModelDidSelect.m */ = {isa = PBXFileReference; fileEncoding = 4; lastKnownFileType = sourcecode.c.objc; name = MockPVGTableViewCellViewModelDidSelect.m; path = Mocks/MockPVGTableViewCellViewModelDidSelect.m; sourceTree = "<group>"; };
		02BA88EE1BD7F134007BEF68 /* GenericTableViewProxyAnimatorTests.m */ = {isa = PBXFileReference; fileEncoding = 4; lastKnownFileType = sourcecode.c.objc; path = GenericTableViewProxyAnimatorTests.m; sourceTree = "<group>"; };
		02E62EDC1BD69F1700BF8EC8 /* MockPVGTableViewCell.h */ = {isa = PBXFileReference; fileEncoding = 4; lastKnownFileType = sourcecode.c.h; name = MockPVGTableViewCell.h; path = Mocks/MockPVGTableViewCell.h; sourceTree = "<group>"; };
		02E62EDD1BD69F1700BF8EC8 /* MockPVGTableViewCell.m */ = {isa = PBXFileReference; fileEncoding = 4; lastKnownFileType = sourcecode.c.objc; name = MockPVGTableViewCell.m; path = Mocks/MockPVGTableViewCell.m; sourceTree = "<group>"; };
		02E62EDF1BD69F5500BF8EC8 /* Mocks.h */ = {isa = PBXFileReference; lastKnownFileType = sourcecode.c.h; name = Mocks.h; path = Mocks/Mocks.h; sourceTree = "<group>"; };
		2989F5A6C4190A2DCED0C7BE /* Pods-Tests.debug.xcconfig */ = {isa = PBXFileReference; includeInIndex = 1; lastKnownFileType = text.xcconfig; name = "Pods-Tests.debug.xcconfig"; path = "Pods/Target Support Files/Pods-Tests/Pods-Tests.debug.xcconfig"; sourceTree = "<group>"; };
		95260B90A60DDE7905E4646E /* Pods_Tests.framework */ = {isa = PBXFileReference; explicitFileType = wrapper.framework; includeInIndex = 0; path = Pods_Tests.framework; sourceTree = BUILT_PRODUCTS_DIR; };
		B00C06B09F4213002BA987D0 /* Pods-Tests.release.xcconfig */ = {isa = PBXFileReference; includeInIndex = 1; lastKnownFileType = text.xcconfig; name = "Pods-Tests.release.xcconfig"; path = "Pods/Target Support Files/Pods-Tests/Pods-Tests.release.xcconfig"; sourceTree = "<group>"; };
/* End PBXFileReference section */

/* Begin PBXFrameworksBuildPhase section */
		021A6D1C1BD67725005215A7 /* Frameworks */ = {
			isa = PBXFrameworksBuildPhase;
			buildActionMask = 2147483647;
			files = (
				FBE31FA140ABA9D95832673F /* Pods_Tests.framework in Frameworks */,
			);
			runOnlyForDeploymentPostprocessing = 0;
		};
/* End PBXFrameworksBuildPhase section */

/* Begin PBXGroup section */
		021A6CF61BD67610005215A7 = {
			isa = PBXGroup;
			children = (
				02E62EDB1BD69EF600BF8EC8 /* Mocks */,
				021A6D2F1BD6792C005215A7 /* Test Utils */,
				021A6D201BD67725005215A7 /* Tests */,
				021A6D071BD676BB005215A7 /* Products */,
				5F6C2F2772176FD3C4B88F02 /* Pods */,
				B363135BC8844290AE09A05A /* Frameworks */,
			);
			sourceTree = "<group>";
		};
		021A6D071BD676BB005215A7 /* Products */ = {
			isa = PBXGroup;
			children = (
				021A6D1F1BD67725005215A7 /* Tests.xctest */,
			);
			name = Products;
			sourceTree = "<group>";
		};
		021A6D201BD67725005215A7 /* Tests */ = {
			isa = PBXGroup;
			children = (
				02BA88EE1BD7F134007BEF68 /* GenericTableViewProxyAnimatorTests.m */,
				021A6D231BD67725005215A7 /* Info.plist */,
				021A6D271BD67739005215A7 /* TableViewProxyLoadMoreTests.m */,
				027C13D61BE1080800C2C8F5 /* TableViewProxyRenderTests.m */,
				021A6D281BD67739005215A7 /* TableViewProxyTests.m */,
				021A6D291BD67739005215A7 /* TableViewScrollCommandTests.m */,
				021A6D2A1BD67739005215A7 /* TableViewSectionTests.m */,
			);
			path = Tests;
			sourceTree = "<group>";
		};
		021A6D2F1BD6792C005215A7 /* Test Utils */ = {
			isa = PBXGroup;
			children = (
				021A6D311BD67975005215A7 /* TestDependencies.h */,
			);
			name = "Test Utils";
			sourceTree = "<group>";
		};
		02E62EDB1BD69EF600BF8EC8 /* Mocks */ = {
			isa = PBXGroup;
			children = (
				02E62EDC1BD69F1700BF8EC8 /* MockPVGTableViewCell.h */,
				02E62EDD1BD69F1700BF8EC8 /* MockPVGTableViewCell.m */,
				02E62EDF1BD69F5500BF8EC8 /* Mocks.h */,
				02B7B4341BD6CC7C0034A4E5 /* MockPVGTableViewCellViewModelDidSelect.h */,
				02B7B4351BD6CC7C0034A4E5 /* MockPVGTableViewCellViewModelDidSelect.m */,
			);
			name = Mocks;
			sourceTree = "<group>";
		};
		5F6C2F2772176FD3C4B88F02 /* Pods */ = {
			isa = PBXGroup;
			children = (
				2989F5A6C4190A2DCED0C7BE /* Pods-Tests.debug.xcconfig */,
				B00C06B09F4213002BA987D0 /* Pods-Tests.release.xcconfig */,
			);
			name = Pods;
			sourceTree = "<group>";
		};
		B363135BC8844290AE09A05A /* Frameworks */ = {
			isa = PBXGroup;
			children = (
				02A833D61D2FAEC200AE9DB6 /* PVGTableViewProxy.framework */,
				02A833D71D2FAEC200AE9DB6 /* ReactiveCocoa.framework */,
				02A833D81D2FAEC200AE9DB6 /* Result.framework */,
				02A833D41D2FAD2000AE9DB6 /* ReactiveCocoa.framework */,
				02A833CE1D2FAD0200AE9DB6 /* PVGTableViewProxy.framework */,
				02A833CF1D2FAD0200AE9DB6 /* ReactiveCocoa.framework */,
				02A833D01D2FAD0200AE9DB6 /* Result.framework */,
				95260B90A60DDE7905E4646E /* Pods_Tests.framework */,
			);
			name = Frameworks;
			sourceTree = "<group>";
		};
/* End PBXGroup section */

/* Begin PBXNativeTarget section */
		021A6D1E1BD67725005215A7 /* Tests */ = {
			isa = PBXNativeTarget;
			buildConfigurationList = 021A6D241BD67725005215A7 /* Build configuration list for PBXNativeTarget "Tests" */;
			buildPhases = (
				53023AD3C9A27F8B4F221AF2 /* 📦 Check Pods Manifest.lock */,
				021A6D1B1BD67725005215A7 /* Sources */,
				021A6D1C1BD67725005215A7 /* Frameworks */,
				021A6D1D1BD67725005215A7 /* Resources */,
				1EE3EA731A1C03E645DB4CD0 /* 📦 Embed Pods Frameworks */,
				B2177C2B00452BD3271647D3 /* 📦 Copy Pods Resources */,
			);
			buildRules = (
			);
			dependencies = (
			);
			name = Tests;
			productName = Tests;
			productReference = 021A6D1F1BD67725005215A7 /* Tests.xctest */;
			productType = "com.apple.product-type.bundle.unit-test";
		};
/* End PBXNativeTarget section */

/* Begin PBXProject section */
		021A6CF71BD67610005215A7 /* Project object */ = {
			isa = PBXProject;
			attributes = {
				LastUpgradeCheck = 0730;
				TargetAttributes = {
					021A6D1E1BD67725005215A7 = {
						CreatedOnToolsVersion = 7.0.1;
					};
				};
			};
			buildConfigurationList = 021A6CFA1BD67610005215A7 /* Build configuration list for PBXProject "PVGTableViewProxyTests" */;
			compatibilityVersion = "Xcode 3.2";
			developmentRegion = English;
			hasScannedForEncodings = 0;
			knownRegions = (
				en,
			);
			mainGroup = 021A6CF61BD67610005215A7;
			productRefGroup = 021A6D071BD676BB005215A7 /* Products */;
			projectDirPath = "";
			projectRoot = "";
			targets = (
				021A6D1E1BD67725005215A7 /* Tests */,
			);
		};
/* End PBXProject section */

/* Begin PBXResourcesBuildPhase section */
		021A6D1D1BD67725005215A7 /* Resources */ = {
			isa = PBXResourcesBuildPhase;
			buildActionMask = 2147483647;
			files = (
			);
			runOnlyForDeploymentPostprocessing = 0;
		};
/* End PBXResourcesBuildPhase section */

/* Begin PBXShellScriptBuildPhase section */
		1EE3EA731A1C03E645DB4CD0 /* 📦 Embed Pods Frameworks */ = {
			isa = PBXShellScriptBuildPhase;
			buildActionMask = 2147483647;
			files = (
			);
			inputPaths = (
			);
			name = "📦 Embed Pods Frameworks";
			outputPaths = (
			);
			runOnlyForDeploymentPostprocessing = 0;
			shellPath = /bin/sh;
			shellScript = "\"${SRCROOT}/Pods/Target Support Files/Pods-Tests/Pods-Tests-frameworks.sh\"\n";
			showEnvVarsInLog = 0;
		};
		53023AD3C9A27F8B4F221AF2 /* 📦 Check Pods Manifest.lock */ = {
			isa = PBXShellScriptBuildPhase;
			buildActionMask = 2147483647;
			files = (
			);
			inputPaths = (
			);
			name = "📦 Check Pods Manifest.lock";
			outputPaths = (
			);
			runOnlyForDeploymentPostprocessing = 0;
			shellPath = /bin/sh;
			shellScript = "diff \"${PODS_ROOT}/../Podfile.lock\" \"${PODS_ROOT}/Manifest.lock\" > /dev/null\nif [[ $? != 0 ]] ; then\n    cat << EOM\nerror: The sandbox is not in sync with the Podfile.lock. Run 'pod install' or update your CocoaPods installation.\nEOM\n    exit 1\nfi\n";
			showEnvVarsInLog = 0;
		};
		B2177C2B00452BD3271647D3 /* 📦 Copy Pods Resources */ = {
			isa = PBXShellScriptBuildPhase;
			buildActionMask = 2147483647;
			files = (
			);
			inputPaths = (
			);
			name = "📦 Copy Pods Resources";
			outputPaths = (
			);
			runOnlyForDeploymentPostprocessing = 0;
			shellPath = /bin/sh;
			shellScript = "\"${SRCROOT}/Pods/Target Support Files/Pods-Tests/Pods-Tests-resources.sh\"\n";
			showEnvVarsInLog = 0;
		};
/* End PBXShellScriptBuildPhase section */

/* Begin PBXSourcesBuildPhase section */
		021A6D1B1BD67725005215A7 /* Sources */ = {
			isa = PBXSourcesBuildPhase;
			buildActionMask = 2147483647;
			files = (
				02B7B4361BD6CC7C0034A4E5 /* MockPVGTableViewCellViewModelDidSelect.m in Sources */,
				021A6D2D1BD67739005215A7 /* TableViewScrollCommandTests.m in Sources */,
				02BA88EF1BD7F134007BEF68 /* GenericTableViewProxyAnimatorTests.m in Sources */,
				021A6D2E1BD67739005215A7 /* TableViewSectionTests.m in Sources */,
				02E62EDE1BD69F1700BF8EC8 /* MockPVGTableViewCell.m in Sources */,
				021A6D2C1BD67739005215A7 /* TableViewProxyTests.m in Sources */,
				027C13D71BE1080800C2C8F5 /* TableViewProxyRenderTests.m in Sources */,
				021A6D2B1BD67739005215A7 /* TableViewProxyLoadMoreTests.m in Sources */,
			);
			runOnlyForDeploymentPostprocessing = 0;
		};
/* End PBXSourcesBuildPhase section */

/* Begin XCBuildConfiguration section */
		021A6CFB1BD67610005215A7 /* Debug */ = {
			isa = XCBuildConfiguration;
			buildSettings = {
				ALWAYS_SEARCH_USER_PATHS = NO;
				ENABLE_TESTABILITY = YES;
				ONLY_ACTIVE_ARCH = YES;
			};
			name = Debug;
		};
		021A6CFC1BD67610005215A7 /* Release */ = {
			isa = XCBuildConfiguration;
			buildSettings = {
				ALWAYS_SEARCH_USER_PATHS = NO;
			};
			name = Release;
		};
		021A6D251BD67725005215A7 /* Debug */ = {
			isa = XCBuildConfiguration;
			baseConfigurationReference = 2989F5A6C4190A2DCED0C7BE /* Pods-Tests.debug.xcconfig */;
			buildSettings = {
				ALWAYS_SEARCH_USER_PATHS = NO;
				CLANG_CXX_LANGUAGE_STANDARD = "gnu++0x";
				CLANG_CXX_LIBRARY = "libc++";
				CLANG_ENABLE_MODULES = YES;
				CLANG_ENABLE_OBJC_ARC = YES;
				CLANG_WARN_BOOL_CONVERSION = YES;
				CLANG_WARN_CONSTANT_CONVERSION = YES;
				CLANG_WARN_DIRECT_OBJC_ISA_USAGE = YES_ERROR;
				CLANG_WARN_EMPTY_BODY = YES;
				CLANG_WARN_ENUM_CONVERSION = YES;
				CLANG_WARN_INT_CONVERSION = YES;
				CLANG_WARN_OBJC_ROOT_CLASS = YES_ERROR;
				CLANG_WARN_UNREACHABLE_CODE = YES;
				CLANG_WARN__DUPLICATE_METHOD_MATCH = YES;
				COPY_PHASE_STRIP = NO;
				DEBUG_INFORMATION_FORMAT = dwarf;
				ENABLE_STRICT_OBJC_MSGSEND = YES;
				ENABLE_TESTABILITY = YES;
				FRAMEWORK_SEARCH_PATHS = (
					"$(inherited)",
					"$(PROJECT_DIR)/build/Debug-iphoneos/Result",
					"$(PROJECT_DIR)/build/Debug-iphoneos/ReactiveCocoa",
				);
				GCC_C_LANGUAGE_STANDARD = gnu99;
				GCC_DYNAMIC_NO_PIC = NO;
				GCC_NO_COMMON_BLOCKS = YES;
				GCC_OPTIMIZATION_LEVEL = 0;
				GCC_PREPROCESSOR_DEFINITIONS = (
					"DEBUG=1",
					"$(inherited)",
				);
				GCC_WARN_64_TO_32_BIT_CONVERSION = YES;
				GCC_WARN_ABOUT_RETURN_TYPE = YES_ERROR;
				GCC_WARN_UNDECLARED_SELECTOR = YES;
				GCC_WARN_UNINITIALIZED_AUTOS = YES_AGGRESSIVE;
				GCC_WARN_UNUSED_FUNCTION = YES;
				GCC_WARN_UNUSED_VARIABLE = YES;
				INFOPLIST_FILE = Tests/Info.plist;
				IPHONEOS_DEPLOYMENT_TARGET = 9.0;
				LD_RUNPATH_SEARCH_PATHS = "$(inherited) @executable_path/Frameworks @loader_path/Frameworks";
				MTL_ENABLE_DEBUG_INFO = YES;
				ONLY_ACTIVE_ARCH = YES;
				PRODUCT_BUNDLE_IDENTIFIER = com.plainvanillacorp.Tests;
				PRODUCT_NAME = "$(TARGET_NAME)";
				SDKROOT = iphoneos;
			};
			name = Debug;
		};
		021A6D261BD67725005215A7 /* Release */ = {
			isa = XCBuildConfiguration;
			baseConfigurationReference = B00C06B09F4213002BA987D0 /* Pods-Tests.release.xcconfig */;
			buildSettings = {
				ALWAYS_SEARCH_USER_PATHS = NO;
				CLANG_CXX_LANGUAGE_STANDARD = "gnu++0x";
				CLANG_CXX_LIBRARY = "libc++";
				CLANG_ENABLE_MODULES = YES;
				CLANG_ENABLE_OBJC_ARC = YES;
				CLANG_WARN_BOOL_CONVERSION = YES;
				CLANG_WARN_CONSTANT_CONVERSION = YES;
				CLANG_WARN_DIRECT_OBJC_ISA_USAGE = YES_ERROR;
				CLANG_WARN_EMPTY_BODY = YES;
				CLANG_WARN_ENUM_CONVERSION = YES;
				CLANG_WARN_INT_CONVERSION = YES;
				CLANG_WARN_OBJC_ROOT_CLASS = YES_ERROR;
				CLANG_WARN_UNREACHABLE_CODE = YES;
				CLANG_WARN__DUPLICATE_METHOD_MATCH = YES;
				COPY_PHASE_STRIP = NO;
				DEBUG_INFORMATION_FORMAT = "dwarf-with-dsym";
				ENABLE_NS_ASSERTIONS = NO;
				ENABLE_STRICT_OBJC_MSGSEND = YES;
				FRAMEWORK_SEARCH_PATHS = (
					"$(inherited)",
					"$(PROJECT_DIR)/build/Debug-iphoneos/Result",
					"$(PROJECT_DIR)/build/Debug-iphoneos/ReactiveCocoa",
				);
				GCC_C_LANGUAGE_STANDARD = gnu99;
				GCC_NO_COMMON_BLOCKS = YES;
				GCC_WARN_64_TO_32_BIT_CONVERSION = YES;
				GCC_WARN_ABOUT_RETURN_TYPE = YES_ERROR;
				GCC_WARN_UNDECLARED_SELECTOR = YES;
				GCC_WARN_UNINITIALIZED_AUTOS = YES_AGGRESSIVE;
				GCC_WARN_UNUSED_FUNCTION = YES;
				GCC_WARN_UNUSED_VARIABLE = YES;
				INFOPLIST_FILE = Tests/Info.plist;
				IPHONEOS_DEPLOYMENT_TARGET = 9.0;
				LD_RUNPATH_SEARCH_PATHS = "$(inherited) @executable_path/Frameworks @loader_path/Frameworks";
				MTL_ENABLE_DEBUG_INFO = NO;
				PRODUCT_BUNDLE_IDENTIFIER = com.plainvanillacorp.Tests;
				PRODUCT_NAME = "$(TARGET_NAME)";
				SDKROOT = iphoneos;
				VALIDATE_PRODUCT = YES;
			};
			name = Release;
		};
/* End XCBuildConfiguration section */

/* Begin XCConfigurationList section */
		021A6CFA1BD67610005215A7 /* Build configuration list for PBXProject "PVGTableViewProxyTests" */ = {
			isa = XCConfigurationList;
			buildConfigurations = (
				021A6CFB1BD67610005215A7 /* Debug */,
				021A6CFC1BD67610005215A7 /* Release */,
			);
			defaultConfigurationIsVisible = 0;
			defaultConfigurationName = Release;
		};
		021A6D241BD67725005215A7 /* Build configuration list for PBXNativeTarget "Tests" */ = {
			isa = XCConfigurationList;
			buildConfigurations = (
				021A6D251BD67725005215A7 /* Debug */,
				021A6D261BD67725005215A7 /* Release */,
			);
			defaultConfigurationIsVisible = 0;
			defaultConfigurationName = Release;
		};
/* End XCConfigurationList section */
	};
	rootObject = 021A6CF71BD67610005215A7 /* Project object */;
}
